
Microsoft Visual Studio Solution File, Format Version 11.00
# Visual Studio 2010
Project("{FAE04EC0-301F-11D3-BF4B-00C04F79EFBC}") = "DOTween", "DOTween\DOTween.csproj", "{DE17C145-3E8D-45D6-BBB6-D06BD7D80A55}"
EndProject
Project("{FAE04EC0-301F-11D3-BF4B-00C04F79EFBC}") = "DOTweenEditor", "DOTweenEditor\DOTweenEditor.csproj", "{421ACC19-8922-4E98-8921-B52240CE172A}"
EndProject
Global
	GlobalSection(SolutionConfigurationPlatforms) = preSolution
		Debug|Any CPU = Debug|Any CPU
		Release|Any CPU = Release|Any CPU
	EndGlobalSection
	GlobalSection(ProjectConfigurationPlatforms) = postSolution
		{DE17C145-3E8D-45D6-BBB6-D06BD7D80A55}.Debug|Any CPU.ActiveCfg = Debug|Any CPU
		{DE17C145-3E8D-45D6-BBB6-D06BD7D80A55}.Debug|Any CPU.Build.0 = Debug|Any CPU
		{DE17C145-3E8D-45D6-BBB6-D06BD7D80A55}.Release|Any CPU.ActiveCfg = Release|Any CPU
		{DE17C145-3E8D-45D6-BBB6-D06BD7D80A55}.Release|Any CPU.Build.0 = Release|Any CPU
		{421ACC19-8922-4E98-8921-B52240CE172A}.Debug|Any CPU.ActiveCfg = Debug|Any CPU
		{421ACC19-8922-4E98-8921-B52240CE172A}.Debug|Any CPU.Build.0 = Debug|Any CPU
		{421ACC19-8922-4E98-8921-B52240CE172A}.Release|Any CPU.ActiveCfg = Release|Any CPU
		{421ACC19-8922-4E98-8921-B52240CE172A}.Release|Any CPU.Build.0 = Release|Any CPU
	EndGlobalSection
	GlobalSection(SolutionProperties) = preSolution
		HideSolutionNode = FALSE
	EndGlobalSection
EndGlobal
